
Microsoft Visual Studio Solution File, Format Version 12.00
# Visual Studio 15
VisualStudioVersion = 15.0.28307.271
MinimumVisualStudioVersion = 10.0.40219.1
Project("{FAE04EC0-301F-11D3-BF4B-00C04F79EFBC}") = "Task1", "Task1\Task1.csproj", "{5F9AFA4F-85C1-4280-9B46-7EFC867852D1}"
EndProject
Project("{FAE04EC0-301F-11D3-BF4B-00C04F79EFBC}") = "Task2", "Task2\Task2.csproj", "{AF2C77CF-00E5-43A2-8C6F-1C1114F4ADC5}"
EndProject
Project("{FAE04EC0-301F-11D3-BF4B-00C04F79EFBC}") = "Task3", "Task3\Task3.csproj", "{437B88AE-0720-403A-873C-525130F8E751}"
EndProject
Project("{FAE04EC0-301F-11D3-BF4B-00C04F79EFBC}") = "Task4", "ConsoleApp1\Task4.csproj", "{ADF78F2A-9EFE-47B1-B448-ECAE9BD54740}"
EndProject
Global
	GlobalSection(SolutionConfigurationPlatforms) = preSolution
		Debug|Any CPU = Debug|Any CPU
		Release|Any CPU = Release|Any CPU
	EndGlobalSection
	GlobalSection(ProjectConfigurationPlatforms) = postSolution
		{5F9AFA4F-85C1-4280-9B46-7EFC867852D1}.Debug|Any CPU.ActiveCfg = Debug|Any CPU
		{5F9AFA4F-85C1-4280-9B46-7EFC867852D1}.Debug|Any CPU.Build.0 = Debug|Any CPU
		{5F9AFA4F-85C1-4280-9B46-7EFC867852D1}.Release|Any CPU.ActiveCfg = Release|Any CPU
		{5F9AFA4F-85C1-4280-9B46-7EFC867852D1}.Release|Any CPU.Build.0 = Release|Any CPU
		{AF2C77CF-00E5-43A2-8C6F-1C1114F4ADC5}.Debug|Any CPU.ActiveCfg = Debug|Any CPU
		{AF2C77CF-00E5-43A2-8C6F-1C1114F4ADC5}.Debug|Any CPU.Build.0 = Debug|Any CPU
		{AF2C77CF-00E5-43A2-8C6F-1C1114F4ADC5}.Release|Any CPU.ActiveCfg = Release|Any CPU
		{AF2C77CF-00E5-43A2-8C6F-1C1114F4ADC5}.Release|Any CPU.Build.0 = Release|Any CPU
		{437B88AE-0720-403A-873C-525130F8E751}.Debug|Any CPU.ActiveCfg = Debug|Any CPU
		{437B88AE-0720-403A-873C-525130F8E751}.Debug|Any CPU.Build.0 = Debug|Any CPU
		{437B88AE-0720-403A-873C-525130F8E751}.Release|Any CPU.ActiveCfg = Release|Any CPU
		{437B88AE-0720-403A-873C-525130F8E751}.Release|Any CPU.Build.0 = Release|Any CPU
		{ADF78F2A-9EFE-47B1-B448-ECAE9BD54740}.Debug|Any CPU.ActiveCfg = Debug|Any CPU
		{ADF78F2A-9EFE-47B1-B448-ECAE9BD54740}.Debug|Any CPU.Build.0 = Debug|Any CPU
		{ADF78F2A-9EFE-47B1-B448-ECAE9BD54740}.Release|Any CPU.ActiveCfg = Release|Any CPU
		{ADF78F2A-9EFE-47B1-B448-ECAE9BD54740}.Release|Any CPU.Build.0 = Release|Any CPU
	EndGlobalSection
	GlobalSection(SolutionProperties) = preSolution
		HideSolutionNode = FALSE
	EndGlobalSection
	GlobalSection(ExtensibilityGlobals) = postSolution
		SolutionGuid = {B343DBF6-F666-48BD-AC70-2111A6F34B1D}
	EndGlobalSection
EndGlobal
